
Microsoft Visual Studio Solution File, Format Version 12.00
# Visual Studio Version 16
VisualStudioVersion = 16.0.31702.278
MinimumVisualStudioVersion = 10.0.40219.1
Project("{9A19103F-16F7-4668-BE54-9A1E7A4F7556}") = "FleetMgmt_Business", "FleetMgmt_Business\FleetMgmt_Business.csproj", "{A5A7641F-0CA4-494E-9CC3-AF0023D7B7B1}"
EndProject
Project("{9A19103F-16F7-4668-BE54-9A1E7A4F7556}") = "FleetMgmt_xUnit", "FleetMgmt_xUnit\FleetMgmt_xUnit.csproj", "{8CDF6DAE-C6EC-4FC5-BD20-77416316E562}"
EndProject
Project("{9A19103F-16F7-4668-BE54-9A1E7A4F7556}") = "FleetMgmg_Data", "FleetMgmg_Data\FleetMgmg_Data.csproj", "{ABDEDFD9-4EC8-468B-AF01-BE28EB4165F7}"
EndProject
Project("{9A19103F-16F7-4668-BE54-9A1E7A4F7556}") = "FleetMgmt_WPF", "FleetMgmt_WPF\FleetMgmt_WPF.csproj", "{C72A8E4E-22DF-47E1-8C98-F54132F85D81}"
EndProject
Project("{9A19103F-16F7-4668-BE54-9A1E7A4F7556}") = "FleetMgmt_Con", "FleetMgmt_Con\FleetMgmt_Con.csproj", "{88F862A9-C5B2-4226-BE5E-ABF3610DEE3C}"
EndProject
Global
	GlobalSection(SolutionConfigurationPlatforms) = preSolution
		Debug|Any CPU = Debug|Any CPU
		Release|Any CPU = Release|Any CPU
	EndGlobalSection
	GlobalSection(ProjectConfigurationPlatforms) = postSolution
		{A5A7641F-0CA4-494E-9CC3-AF0023D7B7B1}.Debug|Any CPU.ActiveCfg = Debug|Any CPU
		{A5A7641F-0CA4-494E-9CC3-AF0023D7B7B1}.Debug|Any CPU.Build.0 = Debug|Any CPU
		{A5A7641F-0CA4-494E-9CC3-AF0023D7B7B1}.Release|Any CPU.ActiveCfg = Release|Any CPU
		{A5A7641F-0CA4-494E-9CC3-AF0023D7B7B1}.Release|Any CPU.Build.0 = Release|Any CPU
		{8CDF6DAE-C6EC-4FC5-BD20-77416316E562}.Debug|Any CPU.ActiveCfg = Debug|Any CPU
		{8CDF6DAE-C6EC-4FC5-BD20-77416316E562}.Debug|Any CPU.Build.0 = Debug|Any CPU
		{8CDF6DAE-C6EC-4FC5-BD20-77416316E562}.Release|Any CPU.ActiveCfg = Release|Any CPU
		{8CDF6DAE-C6EC-4FC5-BD20-77416316E562}.Release|Any CPU.Build.0 = Release|Any CPU
		{ABDEDFD9-4EC8-468B-AF01-BE28EB4165F7}.Debug|Any CPU.ActiveCfg = Debug|Any CPU
		{ABDEDFD9-4EC8-468B-AF01-BE28EB4165F7}.Debug|Any CPU.Build.0 = Debug|Any CPU
		{ABDEDFD9-4EC8-468B-AF01-BE28EB4165F7}.Release|Any CPU.ActiveCfg = Release|Any CPU
		{ABDEDFD9-4EC8-468B-AF01-BE28EB4165F7}.Release|Any CPU.Build.0 = Release|Any CPU
		{C72A8E4E-22DF-47E1-8C98-F54132F85D81}.Debug|Any CPU.ActiveCfg = Debug|Any CPU
		{C72A8E4E-22DF-47E1-8C98-F54132F85D81}.Debug|Any CPU.Build.0 = Debug|Any CPU
		{C72A8E4E-22DF-47E1-8C98-F54132F85D81}.Release|Any CPU.ActiveCfg = Release|Any CPU
		{C72A8E4E-22DF-47E1-8C98-F54132F85D81}.Release|Any CPU.Build.0 = Release|Any CPU
		{88F862A9-C5B2-4226-BE5E-ABF3610DEE3C}.Debug|Any CPU.ActiveCfg = Debug|Any CPU
		{88F862A9-C5B2-4226-BE5E-ABF3610DEE3C}.Debug|Any CPU.Build.0 = Debug|Any CPU
		{88F862A9-C5B2-4226-BE5E-ABF3610DEE3C}.Release|Any CPU.ActiveCfg = Release|Any CPU
		{88F862A9-C5B2-4226-BE5E-ABF3610DEE3C}.Release|Any CPU.Build.0 = Release|Any CPU
	EndGlobalSection
	GlobalSection(SolutionProperties) = preSolution
		HideSolutionNode = FALSE
	EndGlobalSection
	GlobalSection(ExtensibilityGlobals) = postSolution
		SolutionGuid = {365C6FAC-CEB9-4B50-85C0-EC8965C63F17}
	EndGlobalSection
EndGlobal
